// !$*UTF8*$!
{
	archiveVersion = 1;
	classes = {
	};
	objectVersion = 50;
	objects = {

/* Begin PBXBuildFile section */
		069A64282276AB9000C0820D /* AppDelegate.m in Sources */ = {isa = PBXBuildFile; fileRef = 069A64272276AB9000C0820D /* AppDelegate.m */; };
		069A642B2276AB9000C0820D /* ViewController.m in Sources */ = {isa = PBXBuildFile; fileRef = 069A642A2276AB9000C0820D /* ViewController.m */; };
		069A642E2276AB9000C0820D /* Main.storyboard in Resources */ = {isa = PBXBuildFile; fileRef = 069A642C2276AB9000C0820D /* Main.storyboard */; };
		069A64302276AB9100C0820D /* Assets.xcassets in Resources */ = {isa = PBXBuildFile; fileRef = 069A642F2276AB9100C0820D /* Assets.xcassets */; };
		069A64332276AB9100C0820D /* LaunchScreen.storyboard in Resources */ = {isa = PBXBuildFile; fileRef = 069A64312276AB9100C0820D /* LaunchScreen.storyboard */; };
		069A64362276AB9100C0820D /* main.m in Sources */ = {isa = PBXBuildFile; fileRef = 069A64352276AB9100C0820D /* main.m */; };
/* End PBXBuildFile section */

/* Begin PBXFileReference section */
		069A64232276AB9000C0820D /* Dingcheat.app */ = {isa = PBXFileReference; explicitFileType = wrapper.application; includeInIndex = 0; path = Dingcheat.app; sourceTree = BUILT_PRODUCTS_DIR; };
		069A64262276AB9000C0820D /* AppDelegate.h */ = {isa = PBXFileReference; lastKnownFileType = sourcecode.c.h; path = AppDelegate.h; sourceTree = "<group>"; };
		069A64272276AB9000C0820D /* AppDelegate.m */ = {isa = PBXFileReference; lastKnownFileType = sourcecode.c.objc; path = AppDelegate.m; sourceTree = "<group>"; };
		069A64292276AB9000C0820D /* ViewController.h */ = {isa = PBXFileReference; lastKnownFileType = sourcecode.c.h; path = ViewController.h; sourceTree = "<group>"; };
		069A642A2276AB9000C0820D /* ViewController.m */ = {isa = PBXFileReference; lastKnownFileType = sourcecode.c.objc; path = ViewController.m; sourceTree = "<group>"; };
		069A642D2276AB9000C0820D /* Base */ = {isa = PBXFileReference; lastKnownFileType = file.storyboard; name = Base; path = Base.lproj/Main.storyboard; sourceTree = "<group>"; };
		069A642F2276AB9100C0820D /* Assets.xcassets */ = {isa = PBXFileReference; lastKnownFileType = folder.assetcatalog; path = Assets.xcassets; sourceTree = "<group>"; };
		069A64322276AB9100C0820D /* Base */ = {isa = PBXFileReference; lastKnownFileType = file.storyboard; name = Base; path = Base.lproj/LaunchScreen.storyboard; sourceTree = "<group>"; };
		069A64342276AB9100C0820D /* Info.plist */ = {isa = PBXFileReference; lastKnownFileType = text.plist.xml; path = Info.plist; sourceTree = "<group>"; };
		069A64352276AB9100C0820D /* main.m */ = {isa = PBXFileReference; lastKnownFileType = sourcecode.c.objc; path = main.m; sourceTree = "<group>"; };
/* End PBXFileReference section */

/* Begin PBXFrameworksBuildPhase section */
		069A64202276AB9000C0820D /* Frameworks */ = {
			isa = PBXFrameworksBuildPhase;
			buildActionMask = 2147483647;
			files = (
			);
			runOnlyForDeploymentPostprocessing = 0;
		};
/* End PBXFrameworksBuildPhase section */

/* Begin PBXGroup section */
		069A641A2276AB9000C0820D = {
			isa = PBXGroup;
			children = (
				069A64252276AB9000C0820D /* Dingcheat */,
				069A64242276AB9000C0820D /* Products */,
			);
			sourceTree = "<group>";
		};
		069A64242276AB9000C0820D /* Products */ = {
			isa = PBXGroup;
			children = (
				069A64232276AB9000C0820D /* Dingcheat.app */,
			);
			name = Products;
			sourceTree = "<group>";
		};
		069A64252276AB9000C0820D /* Dingcheat */ = {
			isa = PBXGroup;
			children = (
				069A64262276AB9000C0820D /* AppDelegate.h */,
				069A64272276AB9000C0820D /* AppDelegate.m */,
				069A64292276AB9000C0820D /* ViewController.h */,
				069A642A2276AB9000C0820D /* ViewController.m */,
				069A642C2276AB9000C0820D /* Main.storyboard */,
				069A642F2276AB9100C0820D /* Assets.xcassets */,
				069A64312276AB9100C0820D /* LaunchScreen.storyboard */,
				069A64342276AB9100C0820D /* Info.plist */,
				069A64352276AB9100C0820D /* main.m */,
			);
			path = Dingcheat;
			sourceTree = "<group>";
		};
/* End PBXGroup section */

/* Begin PBXNativeTarget section */
		069A64222276AB9000C0820D /* Dingcheat */ = {
			isa = PBXNativeTarget;
			buildConfigurationList = 069A64392276AB9100C0820D /* Build configuration list for PBXNativeTarget "Dingcheat" */;
			buildPhases = (
				069A641F2276AB9000C0820D /* Sources */,
				069A64202276AB9000C0820D /* Frameworks */,
				069A64212276AB9000C0820D /* Resources */,
			);
			buildRules = (
			);
			dependencies = (
			);
			name = Dingcheat;
			productName = Dingcheat;
			productReference = 069A64232276AB9000C0820D /* Dingcheat.app */;
			productType = "com.apple.product-type.application";
		};
/* End PBXNativeTarget section */

/* Begin PBXProject section */
		069A641B2276AB9000C0820D /* Project object */ = {
			isa = PBXProject;
			attributes = {
				LastUpgradeCheck = 1020;
				ORGANIZATIONNAME = BF;
				TargetAttributes = {
					069A64222276AB9000C0820D = {
						CreatedOnToolsVersion = 10.2;
					};
				};
			};
			buildConfigurationList = 069A641E2276AB9000C0820D /* Build configuration list for PBXProject "Dingcheat" */;
			compatibilityVersion = "Xcode 9.3";
			developmentRegion = en;
			hasScannedForEncodings = 0;
			knownRegions = (
				en,
				Base,
			);
			mainGroup = 069A641A2276AB9000C0820D;
			productRefGroup = 069A64242276AB9000C0820D /* Products */;
			projectDirPath = "";
			projectRoot = "";
			targets = (
				069A64222276AB9000C0820D /* Dingcheat */,
			);
		};
/* End PBXProject section */

/* Begin PBXResourcesBuildPhase section */
		069A64212276AB9000C0820D /* Resources */ = {
			isa = PBXResourcesBuildPhase;
			buildActionMask = 2147483647;
			files = (
				069A64332276AB9100C0820D /* LaunchScreen.storyboard in Resources */,
				069A64302276AB9100C0820D /* Assets.xcassets in Resources */,
				069A642E2276AB9000C0820D /* Main.storyboard in Resources */,
			);
			runOnlyForDeploymentPostprocessing = 0;
		};
/* End PBXResourcesBuildPhase section */

/* Begin PBXSourcesBuildPhase section */
		069A641F2276AB9000C0820D /* Sources */ = {
			isa = PBXSourcesBuildPhase;
			buildActionMask = 2147483647;
			files = (
				069A642B2276AB9000C0820D /* ViewController.m in Sources */,
				069A64362276AB9100C0820D /* main.m in Sources */,
				069A64282276AB9000C0820D /* AppDelegate.m in Sources */,
			);
			runOnlyForDeploymentPostprocessing = 0;
		};
/* End PBXSourcesBuildPhase section */

/* Begin PBXVariantGroup section */
		069A642C2276AB9000C0820D /* Main.storyboard */ = {
			isa = PBXVariantGroup;
			children = (
				069A642D2276AB9000C0820D /* Base */,
			);
			name = Main.storyboard;
			sourceTree = "<group>";
		};
		069A64312276AB9100C0820D /* LaunchScreen.storyboard */ = {
			isa = PBXVariantGroup;
			children = (
				069A64322276AB9100C0820D /* Base */,
			);
			name = LaunchScreen.storyboard;
			sourceTree = "<group>";
		};
/* End PBXVariantGroup section */

/* Begin XCBuildConfiguration section */
		069A64372276AB9100C0820D /* Debug */ = {
			isa = XCBuildConfiguration;
			buildSettings = {
				ALWAYS_SEARCH_USER_PATHS = NO;
				CLANG_ANALYZER_NONNULL = YES;
				CLANG_ANALYZER_NUMBER_OBJECT_CONVERSION = YES_AGGRESSIVE;
				CLANG_CXX_LANGUAGE_STANDARD = "gnu++14";
				CLANG_CXX_LIBRARY = "libc++";
				CLANG_ENABLE_MODULES = YES;
				CLANG_ENABLE_OBJC_ARC = YES;
				CLANG_ENABLE_OBJC_WEAK = YES;
				CLANG_WARN_BLOCK_CAPTURE_AUTORELEASING = YES;
				CLANG_WARN_BOOL_CONVERSION = YES;
				CLANG_WARN_COMMA = YES;
				CLANG_WARN_CONSTANT_CONVERSION = YES;
				CLANG_WARN_DEPRECATED_OBJC_IMPLEMENTATIONS = YES;
				CLANG_WARN_DIRECT_OBJC_ISA_USAGE = YES_ERROR;
				CLANG_WARN_DOCUMENTATION_COMMENTS = YES;
				CLANG_WARN_EMPTY_BODY = YES;
				CLANG_WARN_ENUM_CONVERSION = YES;
				CLANG_WARN_INFINITE_RECURSION = YES;
				CLANG_WARN_INT_CONVERSION = YES;
				CLANG_WARN_NON_LITERAL_NULL_CONVERSION = YES;
				CLANG_WARN_OBJC_IMPLICIT_RETAIN_SELF = YES;
				CLANG_WARN_OBJC_LITERAL_CONVERSION = YES;
				CLANG_WARN_OBJC_ROOT_CLASS = YES_ERROR;
				CLANG_WARN_RANGE_LOOP_ANALYSIS = YES;
				CLANG_WARN_STRICT_PROTOTYPES = YES;
				CLANG_WARN_SUSPICIOUS_MOVE = YES;
				CLANG_WARN_UNGUARDED_AVAILABILITY = YES_AGGRESSIVE;
				CLANG_WARN_UNREACHABLE_CODE = YES;
				CLANG_WARN__DUPLICATE_METHOD_MATCH = YES;
				CODE_SIGN_IDENTITY = "iPhone Developer";
				COPY_PHASE_STRIP = NO;
				DEBUG_INFORMATION_FORMAT = dwarf;
				ENABLE_STRICT_OBJC_MSGSEND = YES;
				ENABLE_TESTABILITY = YES;
				GCC_C_LANGUAGE_STANDARD = gnu11;
				GCC_DYNAMIC_NO_PIC = NO;
				GCC_NO_COMMON_BLOCKS = YES;
				GCC_OPTIMIZATION_LEVEL = 0;
				GCC_PREPROCESSOR_DEFINITIONS = (
					"DEBUG=1",
					"$(inherited)",
				);
				GCC_WARN_64_TO_32_BIT_CONVERSION = YES;
				GCC_WARN_ABOUT_RETURN_TYPE = YES_ERROR;
				GCC_WARN_UNDECLARED_SELECTOR = YES;
				GCC_WARN_UNINITIALIZED_AUTOS = YES_AGGRESSIVE;
				GCC_WARN_UNUSED_FUNCTION = YES;
				GCC_WARN_UNUSED_VARIABLE = YES;
				IPHONEOS_DEPLOYMENT_TARGET = 12.2;
				MTL_ENABLE_DEBUG_INFO = INCLUDE_SOURCE;
				MTL_FAST_MATH = YES;
				ONLY_ACTIVE_ARCH = YES;
				SDKROOT = iphoneos;
			};
			name = Debug;
		};
		069A64382276AB9100C0820D /* Release */ = {
			isa = XCBuildConfiguration;
			buildSettings = {
				ALWAYS_SEARCH_USER_PATHS = NO;
				CLANG_ANALYZER_NONNULL = YES;
				CLANG_ANALYZER_NUMBER_OBJECT_CONVERSION = YES_AGGRESSIVE;
				CLANG_CXX_LANGUAGE_STANDARD = "gnu++14";
				CLANG_CXX_LIBRARY = "libc++";
				CLANG_ENABLE_MODULES = YES;
				CLANG_ENABLE_OBJC_ARC = YES;
				CLANG_ENABLE_OBJC_WEAK = YES;
				CLANG_WARN_BLOCK_CAPTURE_AUTORELEASING = YES;
				CLANG_WARN_BOOL_CONVERSION = YES;
				CLANG_WARN_COMMA = YES;
				CLANG_WARN_CONSTANT_CONVERSION = YES;
				CLANG_WARN_DEPRECATED_OBJC_IMPLEMENTATIONS = YES;
				CLANG_WARN_DIRECT_OBJC_ISA_USAGE = YES_ERROR;
				CLANG_WARN_DOCUMENTATION_COMMENTS = YES;
				CLANG_WARN_EMPTY_BODY = YES;
				CLANG_WARN_ENUM_CONVERSION = YES;
				CLANG_WARN_INFINITE_RECURSION = YES;
				CLANG_WARN_INT_CONVERSION = YES;
				CLANG_WARN_NON_LITERAL_NULL_CONVERSION = YES;
				CLANG_WARN_OBJC_IMPLICIT_RETAIN_SELF = YES;
				CLANG_WARN_OBJC_LITERAL_CONVERSION = YES;
				CLANG_WARN_OBJC_ROOT_CLASS = YES_ERROR;
				CLANG_WARN_RANGE_LOOP_ANALYSIS = YES;
				CLANG_WARN_STRICT_PROTOTYPES = YES;
				CLANG_WARN_SUSPICIOUS_MOVE = YES;
				CLANG_WARN_UNGUARDED_AVAILABILITY = YES_AGGRESSIVE;
				CLANG_WARN_UNREACHABLE_CODE = YES;
				CLANG_WARN__DUPLICATE_METHOD_MATCH = YES;
				CODE_SIGN_IDENTITY = "iPhone Developer";
				COPY_PHASE_STRIP = NO;
				DEBUG_INFORMATION_FORMAT = "dwarf-with-dsym";
				ENABLE_NS_ASSERTIONS = NO;
				ENABLE_STRICT_OBJC_MSGSEND = YES;
				GCC_C_LANGUAGE_STANDARD = gnu11;
				GCC_NO_COMMON_BLOCKS = YES;
				GCC_WARN_64_TO_32_BIT_CONVERSION = YES;
				GCC_WARN_ABOUT_RETURN_TYPE = YES_ERROR;
				GCC_WARN_UNDECLARED_SELECTOR = YES;
				GCC_WARN_UNINITIALIZED_AUTOS = YES_AGGRESSIVE;
				GCC_WARN_UNUSED_FUNCTION = YES;
				GCC_WARN_UNUSED_VARIABLE = YES;
				IPHONEOS_DEPLOYMENT_TARGET = 12.2;
				MTL_ENABLE_DEBUG_INFO = NO;
				MTL_FAST_MATH = YES;
				SDKROOT = iphoneos;
				VALIDATE_PRODUCT = YES;
			};
			name = Release;
		};
		069A643A2276AB9100C0820D /* Debug */ = {
			isa = XCBuildConfiguration;
			buildSettings = {
				ASSETCATALOG_COMPILER_APPICON_NAME = AppIcon;
				CODE_SIGN_STYLE = Automatic;
				DEVELOPMENT_TEAM = A4EZAZ6ES2;
				INFOPLIST_FILE = Dingcheat/Info.plist;
				LD_RUNPATH_SEARCH_PATHS = (
					"$(inherited)",
					"@executable_path/Frameworks",
				);
				PRODUCT_BUNDLE_IDENTIFIER = com.bqf.Dingcheat;
				PRODUCT_NAME = "$(TARGET_NAME)";
				TARGETED_DEVICE_FAMILY = "1,2";
			};
			name = Debug;
		};
		069A643B2276AB9100C0820D /* Release */ = {
			isa = XCBuildConfiguration;
			buildSettings = {
				ASSETCATALOG_COMPILER_APPICON_NAME = AppIcon;
				CODE_SIGN_STYLE = Automatic;
				DEVELOPMENT_TEAM = A4EZAZ6ES2;
				INFOPLIST_FILE = Dingcheat/Info.plist;
				LD_RUNPATH_SEARCH_PATHS = (
					"$(inherited)",
					"@executable_path/Frameworks",
				);
				PRODUCT_BUNDLE_IDENTIFIER = com.bqf.Dingcheat;
				PRODUCT_NAME = "$(TARGET_NAME)";
				TARGETED_DEVICE_FAMILY = "1,2";
			};
			name = Release;
		};
/* End XCBuildConfiguration section */

/* Begin XCConfigurationList section */
		069A641E2276AB9000C0820D /* Build configuration list for PBXProject "Dingcheat" */ = {
			isa = XCConfigurationList;
			buildConfigurations = (
				069A64372276AB9100C0820D /* Debug */,
				069A64382276AB9100C0820D /* Release */,
			);
			defaultConfigurationIsVisible = 0;
			defaultConfigurationName = Release;
		};
		069A64392276AB9100C0820D /* Build configuration list for PBXNativeTarget "Dingcheat" */ = {
			isa = XCConfigurationList;
			buildConfigurations = (
				069A643A2276AB9100C0820D /* Debug */,
				069A643B2276AB9100C0820D /* Release */,
			);
			defaultConfigurationIsVisible = 0;
			defaultConfigurationName = Release;
		};
/* End XCConfigurationList section */
	};
	rootObject = 069A641B2276AB9000C0820D /* Project object */;
}
